// !$*UTF8*$!
{
	archiveVersion = 1;
	classes = {
	};
	objectVersion = 52;
	objects = {

/* Begin PBXBuildFile section */
		044FEE642383F3B1005FA81E /* NotificationSettingTableViewController.swift in Sources */ = {isa = PBXBuildFile; fileRef = 044FEE632383F3B1005FA81E /* NotificationSettingTableViewController.swift */; };
		044FEE6823860721005FA81E /* NotificationManager.swift in Sources */ = {isa = PBXBuildFile; fileRef = 044FEE6723860721005FA81E /* NotificationManager.swift */; };
		045EF97323C59E7E00CC869F /* Enums.swift in Sources */ = {isa = PBXBuildFile; fileRef = 045EF97223C59E7E00CC869F /* Enums.swift */; };
		045EF98323D0F6D300CC869F /* DataManager.swift in Sources */ = {isa = PBXBuildFile; fileRef = 045EF98223D0F6D300CC869F /* DataManager.swift */; };
		0460B4E423F33133003F4F9C /* ReminderOptionsViewController.swift in Sources */ = {isa = PBXBuildFile; fileRef = 0460B4E323F33133003F4F9C /* ReminderOptionsViewController.swift */; };
		0460B4E623F824B3003F4F9C /* PickerTableViewCell.swift in Sources */ = {isa = PBXBuildFile; fileRef = 0460B4E523F824B3003F4F9C /* PickerTableViewCell.swift */; };
		0460B4E823F82E1C003F4F9C /* SwitchTableViewCell.swift in Sources */ = {isa = PBXBuildFile; fileRef = 0460B4E723F82E1C003F4F9C /* SwitchTableViewCell.swift */; };
		046263A0235DA7DC00D1215A /* WelcomeViewController.swift in Sources */ = {isa = PBXBuildFile; fileRef = 0462639F235DA7DC00D1215A /* WelcomeViewController.swift */; };
		046263A6236184BB00D1215A /* SettingTableViewController.swift in Sources */ = {isa = PBXBuildFile; fileRef = 046263A5236184BB00D1215A /* SettingTableViewController.swift */; };
		046263A92362D37800D1215A /* DataProviderExtension.swift in Sources */ = {isa = PBXBuildFile; fileRef = 046263A82362D37800D1215A /* DataProviderExtension.swift */; };
		046263CA23646E8600D1215A /* ScheduleTableViewCell.swift in Sources */ = {isa = PBXBuildFile; fileRef = 046263C923646E8600D1215A /* ScheduleTableViewCell.swift */; };
		046263D2236819AA00D1215A /* GroupSettingTableViewController.swift in Sources */ = {isa = PBXBuildFile; fileRef = 046263D1236819AA00D1215A /* GroupSettingTableViewController.swift */; };
		046D2D1823ED10E30055F510 /* NotificationSettingTableViewCell.swift in Sources */ = {isa = PBXBuildFile; fileRef = 046D2D1723ED10E30055F510 /* NotificationSettingTableViewCell.swift */; };
		046D2D1C23EF3EF20055F510 /* Pods_schedule.framework in Frameworks */ = {isa = PBXBuildFile; fileRef = 51098C19B895DADE867078A2 /* Pods_schedule.framework */; };
		046D2D1D23EF3EF20055F510 /* Pods_schedule.framework in Embed Frameworks */ = {isa = PBXBuildFile; fileRef = 51098C19B895DADE867078A2 /* Pods_schedule.framework */; settings = {ATTRIBUTES = (CodeSignOnCopy, RemoveHeadersOnCopy, ); }; };
		0474F38723BF3F2600FD1BE4 /* Alert.swift in Sources */ = {isa = PBXBuildFile; fileRef = 0474F38623BF3F2600FD1BE4 /* Alert.swift */; };
		0495E1902390EB1A00C847A2 /* AppDelegate.swift in Sources */ = {isa = PBXBuildFile; fileRef = 04FEC6132321C84E00EA5D25 /* AppDelegate.swift */; };
		0495E1922390EB2700C847A2 /* ScheduleViewController.swift in Sources */ = {isa = PBXBuildFile; fileRef = 04FEC6152321C84E00EA5D25 /* ScheduleViewController.swift */; };
		04AA719723A22FA000BDDE6A /* DateExtension.swift in Sources */ = {isa = PBXBuildFile; fileRef = 04AA719623A22FA000BDDE6A /* DateExtension.swift */; };
		04AD0B5023E8B3F200C22739 /* GroupSettingTableViewCell.swift in Sources */ = {isa = PBXBuildFile; fileRef = 04AD0B4F23E8B3F200C22739 /* GroupSettingTableViewCell.swift */; };
		04D56BD42348E5670097E0DC /* DataProvider.swift in Sources */ = {isa = PBXBuildFile; fileRef = 04D56BD32348E5670097E0DC /* DataProvider.swift */; };
		04F6797423D7843E0059CD7E /* WelcomeView.swift in Sources */ = {isa = PBXBuildFile; fileRef = 04F6797323D7843E0059CD7E /* WelcomeView.swift */; };
		04F6799623D8E91C0059CD7E /* ScheduleView.swift in Sources */ = {isa = PBXBuildFile; fileRef = 04F6799523D8E91C0059CD7E /* ScheduleView.swift */; };
		04F6799923DF71370059CD7E /* APIManager.swift in Sources */ = {isa = PBXBuildFile; fileRef = 04F6799823DF71370059CD7E /* APIManager.swift */; };
		04F6799B23E0D2B80059CD7E /* RootViewController.swift in Sources */ = {isa = PBXBuildFile; fileRef = 04F6799A23E0D2B80059CD7E /* RootViewController.swift */; };
		04F6799D23E0D2F80059CD7E /* AppDelegateExtension.swift in Sources */ = {isa = PBXBuildFile; fileRef = 04F6799C23E0D2F80059CD7E /* AppDelegateExtension.swift */; };
		04FEC61B2321C84E00EA5D25 /* Colors.xcassets in Resources */ = {isa = PBXBuildFile; fileRef = 04FEC61A2321C84E00EA5D25 /* Colors.xcassets */; };
		04FEC61E2321C84E00EA5D25 /* LaunchScreen.storyboard in Resources */ = {isa = PBXBuildFile; fileRef = 04FEC61C2321C84E00EA5D25 /* LaunchScreen.storyboard */; };
		04FEC64423340B5F00EA5D25 /* Exercise.swift in Sources */ = {isa = PBXBuildFile; fileRef = 04FEC64323340B5F00EA5D25 /* Exercise.swift */; };
		840C784025077DD8004C372F /* Images.xcassets in Resources */ = {isa = PBXBuildFile; fileRef = 840C783F25077DD8004C372F /* Images.xcassets */; };
		8410656F250784F9000B2214 /* Localizable.strings in Resources */ = {isa = PBXBuildFile; fileRef = 84106571250784F9000B2214 /* Localizable.strings */; };
		841659092514024700A4E6DD /* Group.swift in Sources */ = {isa = PBXBuildFile; fileRef = 841659082514024700A4E6DD /* Group.swift */; };
		8416590B2514026400A4E6DD /* Schedule.swift in Sources */ = {isa = PBXBuildFile; fileRef = 8416590A2514026400A4E6DD /* Schedule.swift */; };
		846DCA7325223F04000E9833 /* GroupsEndpoint.swift in Sources */ = {isa = PBXBuildFile; fileRef = 846DCA7225223F04000E9833 /* GroupsEndpoint.swift */; };
		846DCA7525228B48000E9833 /* ScheduleAPIEndpoint.swift in Sources */ = {isa = PBXBuildFile; fileRef = 846DCA7425228B48000E9833 /* ScheduleAPIEndpoint.swift */; };
		846DCA7725228C9E000E9833 /* LocationsEndpoint.swift in Sources */ = {isa = PBXBuildFile; fileRef = 846DCA7625228C9E000E9833 /* LocationsEndpoint.swift */; };
		846DCA7925228D94000E9833 /* RoomsEndpoint.swift in Sources */ = {isa = PBXBuildFile; fileRef = 846DCA7825228D94000E9833 /* RoomsEndpoint.swift */; };
		846DCA7B25228ED2000E9833 /* SchedulesEndpoint.swift in Sources */ = {isa = PBXBuildFile; fileRef = 846DCA7A25228ED2000E9833 /* SchedulesEndpoint.swift */; };
		846DCA7D25229064000E9833 /* TeachersEndpoint.swift in Sources */ = {isa = PBXBuildFile; fileRef = 846DCA7C25229064000E9833 /* TeachersEndpoint.swift */; };
		84EE9C64251F84F300318C41 /* NetworkProtocols.swift in Sources */ = {isa = PBXBuildFile; fileRef = 84EE9C63251F84F300318C41 /* NetworkProtocols.swift */; };
		84EE9C68251F94C200318C41 /* JSONDecoderManager.swift in Sources */ = {isa = PBXBuildFile; fileRef = 84EE9C65251F94C200318C41 /* JSONDecoderManager.swift */; };
		84EE9C69251F94C200318C41 /* NetworkConnection.swift in Sources */ = {isa = PBXBuildFile; fileRef = 84EE9C66251F94C200318C41 /* NetworkConnection.swift */; };
		84EE9C6A251F94C200318C41 /* UserDefaultsManager.swift in Sources */ = {isa = PBXBuildFile; fileRef = 84EE9C67251F94C200318C41 /* UserDefaultsManager.swift */; };
		84EE9C6C251F956B00318C41 /* NetworkProvider.swift in Sources */ = {isa = PBXBuildFile; fileRef = 84EE9C6B251F956B00318C41 /* NetworkProvider.swift */; };
		84EE9C6E2521122800318C41 /* ExercisesEndpoint.swift in Sources */ = {isa = PBXBuildFile; fileRef = 84EE9C6D2521122800318C41 /* ExercisesEndpoint.swift */; };
/* End PBXBuildFile section */

/* Begin PBXCopyFilesBuildPhase section */
		04521CB323784E4500DCB195 /* Embed Watch Content */ = {
			isa = PBXCopyFilesBuildPhase;
			buildActionMask = 2147483647;
			dstPath = "$(CONTENTS_FOLDER_PATH)/Watch";
			dstSubfolderSpec = 16;
			files = (
			);
			name = "Embed Watch Content";
			runOnlyForDeploymentPostprocessing = 0;
		};
		046D2D1E23EF3EF20055F510 /* Embed Frameworks */ = {
			isa = PBXCopyFilesBuildPhase;
			buildActionMask = 2147483647;
			dstPath = "";
			dstSubfolderSpec = 10;
			files = (
				046D2D1D23EF3EF20055F510 /* Pods_schedule.framework in Embed Frameworks */,
			);
			name = "Embed Frameworks";
			runOnlyForDeploymentPostprocessing = 0;
		};
/* End PBXCopyFilesBuildPhase section */

/* Begin PBXFileReference section */
		044FEE632383F3B1005FA81E /* NotificationSettingTableViewController.swift */ = {isa = PBXFileReference; lastKnownFileType = sourcecode.swift; path = NotificationSettingTableViewController.swift; sourceTree = "<group>"; };
		044FEE6723860721005FA81E /* NotificationManager.swift */ = {isa = PBXFileReference; lastKnownFileType = sourcecode.swift; path = NotificationManager.swift; sourceTree = "<group>"; };
		045EF97223C59E7E00CC869F /* Enums.swift */ = {isa = PBXFileReference; lastKnownFileType = sourcecode.swift; path = Enums.swift; sourceTree = "<group>"; };
		045EF98223D0F6D300CC869F /* DataManager.swift */ = {isa = PBXFileReference; lastKnownFileType = sourcecode.swift; path = DataManager.swift; sourceTree = "<group>"; };
		0460B4E323F33133003F4F9C /* ReminderOptionsViewController.swift */ = {isa = PBXFileReference; lastKnownFileType = sourcecode.swift; path = ReminderOptionsViewController.swift; sourceTree = "<group>"; };
		0460B4E523F824B3003F4F9C /* PickerTableViewCell.swift */ = {isa = PBXFileReference; lastKnownFileType = sourcecode.swift; path = PickerTableViewCell.swift; sourceTree = "<group>"; };
		0460B4E723F82E1C003F4F9C /* SwitchTableViewCell.swift */ = {isa = PBXFileReference; lastKnownFileType = sourcecode.swift; path = SwitchTableViewCell.swift; sourceTree = "<group>"; };
		0462639F235DA7DC00D1215A /* WelcomeViewController.swift */ = {isa = PBXFileReference; lastKnownFileType = sourcecode.swift; path = WelcomeViewController.swift; sourceTree = "<group>"; };
		046263A5236184BB00D1215A /* SettingTableViewController.swift */ = {isa = PBXFileReference; lastKnownFileType = sourcecode.swift; path = SettingTableViewController.swift; sourceTree = "<group>"; };
		046263A82362D37800D1215A /* DataProviderExtension.swift */ = {isa = PBXFileReference; lastKnownFileType = sourcecode.swift; path = DataProviderExtension.swift; sourceTree = "<group>"; };
		046263C923646E8600D1215A /* ScheduleTableViewCell.swift */ = {isa = PBXFileReference; lastKnownFileType = sourcecode.swift; path = ScheduleTableViewCell.swift; sourceTree = "<group>"; };
		046263D1236819AA00D1215A /* GroupSettingTableViewController.swift */ = {isa = PBXFileReference; lastKnownFileType = sourcecode.swift; path = GroupSettingTableViewController.swift; sourceTree = "<group>"; };
		046D2D1723ED10E30055F510 /* NotificationSettingTableViewCell.swift */ = {isa = PBXFileReference; lastKnownFileType = sourcecode.swift; path = NotificationSettingTableViewCell.swift; sourceTree = "<group>"; };
		0474F38623BF3F2600FD1BE4 /* Alert.swift */ = {isa = PBXFileReference; lastKnownFileType = sourcecode.swift; path = Alert.swift; sourceTree = "<group>"; };
		04A1ED6D2368F5EA00FD8C3A /* NotificationCenter.framework */ = {isa = PBXFileReference; lastKnownFileType = wrapper.framework; name = NotificationCenter.framework; path = System/Library/Frameworks/NotificationCenter.framework; sourceTree = SDKROOT; };
		04AA719623A22FA000BDDE6A /* DateExtension.swift */ = {isa = PBXFileReference; lastKnownFileType = sourcecode.swift; path = DateExtension.swift; sourceTree = "<group>"; };
		04AD0B4F23E8B3F200C22739 /* GroupSettingTableViewCell.swift */ = {isa = PBXFileReference; lastKnownFileType = sourcecode.swift; path = GroupSettingTableViewCell.swift; sourceTree = "<group>"; };
		04D56BD32348E5670097E0DC /* DataProvider.swift */ = {isa = PBXFileReference; lastKnownFileType = sourcecode.swift; path = DataProvider.swift; sourceTree = "<group>"; };
		04F6797323D7843E0059CD7E /* WelcomeView.swift */ = {isa = PBXFileReference; lastKnownFileType = sourcecode.swift; path = WelcomeView.swift; sourceTree = "<group>"; };
		04F6799523D8E91C0059CD7E /* ScheduleView.swift */ = {isa = PBXFileReference; lastKnownFileType = sourcecode.swift; path = ScheduleView.swift; sourceTree = "<group>"; };
		04F6799823DF71370059CD7E /* APIManager.swift */ = {isa = PBXFileReference; lastKnownFileType = sourcecode.swift; path = APIManager.swift; sourceTree = "<group>"; };
		04F6799A23E0D2B80059CD7E /* RootViewController.swift */ = {isa = PBXFileReference; lastKnownFileType = sourcecode.swift; path = RootViewController.swift; sourceTree = "<group>"; };
		04F6799C23E0D2F80059CD7E /* AppDelegateExtension.swift */ = {isa = PBXFileReference; lastKnownFileType = sourcecode.swift; path = AppDelegateExtension.swift; sourceTree = "<group>"; };
		04FEC6102321C84E00EA5D25 /* СПбГТИ(ТУ).app */ = {isa = PBXFileReference; explicitFileType = wrapper.application; includeInIndex = 0; path = "СПбГТИ(ТУ).app"; sourceTree = BUILT_PRODUCTS_DIR; };
		04FEC6132321C84E00EA5D25 /* AppDelegate.swift */ = {isa = PBXFileReference; lastKnownFileType = sourcecode.swift; path = AppDelegate.swift; sourceTree = "<group>"; };
		04FEC6152321C84E00EA5D25 /* ScheduleViewController.swift */ = {isa = PBXFileReference; lastKnownFileType = sourcecode.swift; path = ScheduleViewController.swift; sourceTree = "<group>"; };
		04FEC61A2321C84E00EA5D25 /* Colors.xcassets */ = {isa = PBXFileReference; lastKnownFileType = folder.assetcatalog; path = Colors.xcassets; sourceTree = "<group>"; };
		04FEC61D2321C84E00EA5D25 /* Base */ = {isa = PBXFileReference; lastKnownFileType = file.storyboard; name = Base; path = Base.lproj/LaunchScreen.storyboard; sourceTree = "<group>"; };
		04FEC61F2321C84E00EA5D25 /* Info.plist */ = {isa = PBXFileReference; lastKnownFileType = text.plist.xml; path = Info.plist; sourceTree = "<group>"; };
		04FEC64323340B5F00EA5D25 /* Exercise.swift */ = {isa = PBXFileReference; lastKnownFileType = sourcecode.swift; path = Exercise.swift; sourceTree = "<group>"; };
		2EDF9EB08AECB506056BD602 /* Pods-schedule.release.xcconfig */ = {isa = PBXFileReference; includeInIndex = 1; lastKnownFileType = text.xcconfig; name = "Pods-schedule.release.xcconfig"; path = "Target Support Files/Pods-schedule/Pods-schedule.release.xcconfig"; sourceTree = "<group>"; };
		3084042CC2DEC64254577E45 /* Pods-schedule.debug.xcconfig */ = {isa = PBXFileReference; includeInIndex = 1; lastKnownFileType = text.xcconfig; name = "Pods-schedule.debug.xcconfig"; path = "Target Support Files/Pods-schedule/Pods-schedule.debug.xcconfig"; sourceTree = "<group>"; };
		51098C19B895DADE867078A2 /* Pods_schedule.framework */ = {isa = PBXFileReference; explicitFileType = wrapper.framework; includeInIndex = 0; path = Pods_schedule.framework; sourceTree = BUILT_PRODUCTS_DIR; };
		840C783F25077DD8004C372F /* Images.xcassets */ = {isa = PBXFileReference; lastKnownFileType = folder.assetcatalog; path = Images.xcassets; sourceTree = "<group>"; };
		84106570250784F9000B2214 /* en */ = {isa = PBXFileReference; lastKnownFileType = text.plist.strings; name = en; path = en.lproj/Localizable.strings; sourceTree = "<group>"; };
		8410657225078528000B2214 /* ru */ = {isa = PBXFileReference; lastKnownFileType = text.plist.strings; name = ru; path = ru.lproj/Localizable.strings; sourceTree = "<group>"; };
		841659082514024700A4E6DD /* Group.swift */ = {isa = PBXFileReference; lastKnownFileType = sourcecode.swift; path = Group.swift; sourceTree = "<group>"; };
		8416590A2514026400A4E6DD /* Schedule.swift */ = {isa = PBXFileReference; lastKnownFileType = sourcecode.swift; path = Schedule.swift; sourceTree = "<group>"; };
		846DCA7225223F04000E9833 /* GroupsEndpoint.swift */ = {isa = PBXFileReference; lastKnownFileType = sourcecode.swift; path = GroupsEndpoint.swift; sourceTree = "<group>"; };
		846DCA7425228B48000E9833 /* ScheduleAPIEndpoint.swift */ = {isa = PBXFileReference; lastKnownFileType = sourcecode.swift; path = ScheduleAPIEndpoint.swift; sourceTree = "<group>"; };
		846DCA7625228C9E000E9833 /* LocationsEndpoint.swift */ = {isa = PBXFileReference; lastKnownFileType = sourcecode.swift; path = LocationsEndpoint.swift; sourceTree = "<group>"; };
		846DCA7825228D94000E9833 /* RoomsEndpoint.swift */ = {isa = PBXFileReference; lastKnownFileType = sourcecode.swift; path = RoomsEndpoint.swift; sourceTree = "<group>"; };
		846DCA7A25228ED2000E9833 /* SchedulesEndpoint.swift */ = {isa = PBXFileReference; lastKnownFileType = sourcecode.swift; path = SchedulesEndpoint.swift; sourceTree = "<group>"; };
		846DCA7C25229064000E9833 /* TeachersEndpoint.swift */ = {isa = PBXFileReference; lastKnownFileType = sourcecode.swift; path = TeachersEndpoint.swift; sourceTree = "<group>"; };
		84EE9C63251F84F300318C41 /* NetworkProtocols.swift */ = {isa = PBXFileReference; lastKnownFileType = sourcecode.swift; path = NetworkProtocols.swift; sourceTree = "<group>"; };
		84EE9C65251F94C200318C41 /* JSONDecoderManager.swift */ = {isa = PBXFileReference; fileEncoding = 4; lastKnownFileType = sourcecode.swift; path = JSONDecoderManager.swift; sourceTree = "<group>"; };
		84EE9C66251F94C200318C41 /* NetworkConnection.swift */ = {isa = PBXFileReference; fileEncoding = 4; lastKnownFileType = sourcecode.swift; path = NetworkConnection.swift; sourceTree = "<group>"; };
		84EE9C67251F94C200318C41 /* UserDefaultsManager.swift */ = {isa = PBXFileReference; fileEncoding = 4; lastKnownFileType = sourcecode.swift; path = UserDefaultsManager.swift; sourceTree = "<group>"; };
		84EE9C6B251F956B00318C41 /* NetworkProvider.swift */ = {isa = PBXFileReference; lastKnownFileType = sourcecode.swift; path = NetworkProvider.swift; sourceTree = "<group>"; };
		84EE9C6D2521122800318C41 /* ExercisesEndpoint.swift */ = {isa = PBXFileReference; lastKnownFileType = sourcecode.swift; path = ExercisesEndpoint.swift; sourceTree = "<group>"; };
/* End PBXFileReference section */

/* Begin PBXFrameworksBuildPhase section */
		04FEC60D2321C84E00EA5D25 /* Frameworks */ = {
			isa = PBXFrameworksBuildPhase;
			buildActionMask = 2147483647;
			files = (
				046D2D1C23EF3EF20055F510 /* Pods_schedule.framework in Frameworks */,
			);
			runOnlyForDeploymentPostprocessing = 0;
		};
/* End PBXFrameworksBuildPhase section */

/* Begin PBXGroup section */
		0409BE2E23EAD2A300BD33B4 /* Screen */ = {
			isa = PBXGroup;
			children = (
				04F6797323D7843E0059CD7E /* WelcomeView.swift */,
				04F6799523D8E91C0059CD7E /* ScheduleView.swift */,
			);
			path = Screen;
			sourceTree = "<group>";
		};
		0409BE2F23EAD2AE00BD33B4 /* TableViewCell */ = {
			isa = PBXGroup;
			children = (
				046263C923646E8600D1215A /* ScheduleTableViewCell.swift */,
				04AD0B4F23E8B3F200C22739 /* GroupSettingTableViewCell.swift */,
				046D2D1723ED10E30055F510 /* NotificationSettingTableViewCell.swift */,
				0460B4E523F824B3003F4F9C /* PickerTableViewCell.swift */,
				0460B4E723F82E1C003F4F9C /* SwitchTableViewCell.swift */,
			);
			path = TableViewCell;
			sourceTree = "<group>";
		};
		046263A4236064DF00D1215A /* Controllers */ = {
			isa = PBXGroup;
			children = (
				04F6799A23E0D2B80059CD7E /* RootViewController.swift */,
				0462639F235DA7DC00D1215A /* WelcomeViewController.swift */,
				04FEC6152321C84E00EA5D25 /* ScheduleViewController.swift */,
				046263A5236184BB00D1215A /* SettingTableViewController.swift */,
				046263D1236819AA00D1215A /* GroupSettingTableViewController.swift */,
				044FEE632383F3B1005FA81E /* NotificationSettingTableViewController.swift */,
				0460B4E323F33133003F4F9C /* ReminderOptionsViewController.swift */,
			);
			path = Controllers;
			sourceTree = "<group>";
		};
		046263A72362D34900D1215A /* Extensions */ = {
			isa = PBXGroup;
			children = (
				04F6799C23E0D2F80059CD7E /* AppDelegateExtension.swift */,
				046263A82362D37800D1215A /* DataProviderExtension.swift */,
				04AA719623A22FA000BDDE6A /* DateExtension.swift */,
			);
			path = Extensions;
			sourceTree = "<group>";
		};
		046263AA2362D3FC00D1215A /* Resources */ = {
			isa = PBXGroup;
			children = (
				04FEC61A2321C84E00EA5D25 /* Colors.xcassets */,
				840C783F25077DD8004C372F /* Images.xcassets */,
			);
			path = Resources;
			sourceTree = "<group>";
		};
		046263AB2362D46300D1215A /* Services */ = {
			isa = PBXGroup;
			children = (
				84EE9C65251F94C200318C41 /* JSONDecoderManager.swift */,
				84EE9C66251F94C200318C41 /* NetworkConnection.swift */,
				84EE9C67251F94C200318C41 /* UserDefaultsManager.swift */,
				04F6799823DF71370059CD7E /* APIManager.swift */,
				045EF98223D0F6D300CC869F /* DataManager.swift */,
				04D56BD32348E5670097E0DC /* DataProvider.swift */,
				044FEE6723860721005FA81E /* NotificationManager.swift */,
			);
			path = Services;
			sourceTree = "<group>";
		};
		046263C823646E5200D1215A /* Views */ = {
			isa = PBXGroup;
			children = (
				0409BE2E23EAD2A300BD33B4 /* Screen */,
				0409BE2F23EAD2AE00BD33B4 /* TableViewCell */,
				04AD0B4E23E8B34200C22739 /* Helpers */,
			);
			path = Views;
			sourceTree = "<group>";
		};
		04A1ED6C2368F5EA00FD8C3A /* Frameworks */ = {
			isa = PBXGroup;
			children = (
				04A1ED6D2368F5EA00FD8C3A /* NotificationCenter.framework */,
				51098C19B895DADE867078A2 /* Pods_schedule.framework */,
			);
			name = Frameworks;
			sourceTree = "<group>";
		};
		04AD0B4E23E8B34200C22739 /* Helpers */ = {
			isa = PBXGroup;
			children = (
				0474F38623BF3F2600FD1BE4 /* Alert.swift */,
			);
			path = Helpers;
			sourceTree = "<group>";
		};
		04F6795123D618360059CD7E /* Models */ = {
			isa = PBXGroup;
			children = (
				045EF97223C59E7E00CC869F /* Enums.swift */,
				04FEC64323340B5F00EA5D25 /* Exercise.swift */,
				841659082514024700A4E6DD /* Group.swift */,
				8416590A2514026400A4E6DD /* Schedule.swift */,
			);
			path = Models;
			sourceTree = "<group>";
		};
		04FEC6072321C84E00EA5D25 = {
			isa = PBXGroup;
			children = (
				04FEC6122321C84E00EA5D25 /* Schedule */,
				04A1ED6C2368F5EA00FD8C3A /* Frameworks */,
				04FEC6112321C84E00EA5D25 /* Products */,
				236121AA76FD281BAEC8207F /* Pods */,
			);
			sourceTree = "<group>";
			usesTabs = 0;
		};
		04FEC6112321C84E00EA5D25 /* Products */ = {
			isa = PBXGroup;
			children = (
				04FEC6102321C84E00EA5D25 /* СПбГТИ(ТУ).app */,
			);
			name = Products;
			sourceTree = "<group>";
		};
		04FEC6122321C84E00EA5D25 /* Schedule */ = {
			isa = PBXGroup;
			children = (
				840C783E25077D99004C372F /* Application */,
				046263C823646E5200D1215A /* Views */,
				046263A4236064DF00D1215A /* Controllers */,
				84A9228D251F669000C83A06 /* Networking */,
				046263AB2362D46300D1215A /* Services */,
				04F6795123D618360059CD7E /* Models */,
				046263A72362D34900D1215A /* Extensions */,
				046263AA2362D3FC00D1215A /* Resources */,
				840C783D25077D78004C372F /* Support Files */,
			);
			path = Schedule;
			sourceTree = "<group>";
		};
		236121AA76FD281BAEC8207F /* Pods */ = {
			isa = PBXGroup;
			children = (
				3084042CC2DEC64254577E45 /* Pods-schedule.debug.xcconfig */,
				2EDF9EB08AECB506056BD602 /* Pods-schedule.release.xcconfig */,
			);
			path = Pods;
			sourceTree = "<group>";
		};
		840C783D25077D78004C372F /* Support Files */ = {
			isa = PBXGroup;
			children = (
				84106571250784F9000B2214 /* Localizable.strings */,
				04FEC61F2321C84E00EA5D25 /* Info.plist */,
			);
			path = "Support Files";
			sourceTree = "<group>";
		};
		840C783E25077D99004C372F /* Application */ = {
			isa = PBXGroup;
			children = (
				04FEC6132321C84E00EA5D25 /* AppDelegate.swift */,
				04FEC61C2321C84E00EA5D25 /* LaunchScreen.storyboard */,
			);
			path = Application;
			sourceTree = "<group>";
		};
		846DCA7E2522931A000E9833 /* Schedules API */ = {
			isa = PBXGroup;
			children = (
				846DCA7425228B48000E9833 /* ScheduleAPIEndpoint.swift */,
				84EE9C6D2521122800318C41 /* ExercisesEndpoint.swift */,
				846DCA7225223F04000E9833 /* GroupsEndpoint.swift */,
				846DCA7625228C9E000E9833 /* LocationsEndpoint.swift */,
				846DCA7825228D94000E9833 /* RoomsEndpoint.swift */,
				846DCA7A25228ED2000E9833 /* SchedulesEndpoint.swift */,
				846DCA7C25229064000E9833 /* TeachersEndpoint.swift */,
			);
			path = "Schedules API";
			sourceTree = "<group>";
		};
		84A9228D251F669000C83A06 /* Networking */ = {
			isa = PBXGroup;
			children = (
				84EE9C63251F84F300318C41 /* NetworkProtocols.swift */,
				84EE9C6B251F956B00318C41 /* NetworkProvider.swift */,
				84A9228E251F66AA00C83A06 /* Endpoints */,
			);
			path = Networking;
			sourceTree = "<group>";
		};
		84A9228E251F66AA00C83A06 /* Endpoints */ = {
			isa = PBXGroup;
			children = (
				846DCA7E2522931A000E9833 /* Schedules API */,
			);
			path = Endpoints;
			sourceTree = "<group>";
		};
/* End PBXGroup section */

/* Begin PBXNativeTarget section */
		04FEC60F2321C84E00EA5D25 /* schedule */ = {
			isa = PBXNativeTarget;
			buildConfigurationList = 04FEC6222321C84E00EA5D25 /* Build configuration list for PBXNativeTarget "schedule" */;
			buildPhases = (
				EB3C9A41ECF16A2216FAD598 /* [CP] Check Pods Manifest.lock */,
				04FEC60C2321C84E00EA5D25 /* Sources */,
				04FEC60D2321C84E00EA5D25 /* Frameworks */,
				04FEC60E2321C84E00EA5D25 /* Resources */,
				04521CB323784E4500DCB195 /* Embed Watch Content */,
				85583BD7B81D0298F2DE7A96 /* [CP] Embed Pods Frameworks */,
				046D2D1E23EF3EF20055F510 /* Embed Frameworks */,
			);
			buildRules = (
			);
			dependencies = (
			);
			name = schedule;
			productName = schedule;
			productReference = 04FEC6102321C84E00EA5D25 /* СПбГТИ(ТУ).app */;
			productType = "com.apple.product-type.application";
		};
/* End PBXNativeTarget section */

/* Begin PBXProject section */
		04FEC6082321C84E00EA5D25 /* Project object */ = {
			isa = PBXProject;
			attributes = {
				LastSwiftUpdateCheck = 1120;
				LastUpgradeCheck = 1200;
				ORGANIZATIONNAME = mac;
				TargetAttributes = {
					04FEC60F2321C84E00EA5D25 = {
						CreatedOnToolsVersion = 10.3;
					};
				};
			};
			buildConfigurationList = 04FEC60B2321C84E00EA5D25 /* Build configuration list for PBXProject "Schedule" */;
			compatibilityVersion = "Xcode 11.0";
			developmentRegion = en;
			hasScannedForEncodings = 0;
			knownRegions = (
				en,
				Base,
				ru,
			);
			mainGroup = 04FEC6072321C84E00EA5D25;
			productRefGroup = 04FEC6112321C84E00EA5D25 /* Products */;
			projectDirPath = "";
			projectRoot = "";
			targets = (
				04FEC60F2321C84E00EA5D25 /* schedule */,
			);
		};
/* End PBXProject section */

/* Begin PBXResourcesBuildPhase section */
		04FEC60E2321C84E00EA5D25 /* Resources */ = {
			isa = PBXResourcesBuildPhase;
			buildActionMask = 2147483647;
			files = (
				840C784025077DD8004C372F /* Images.xcassets in Resources */,
				8410656F250784F9000B2214 /* Localizable.strings in Resources */,
				04FEC61E2321C84E00EA5D25 /* LaunchScreen.storyboard in Resources */,
				04FEC61B2321C84E00EA5D25 /* Colors.xcassets in Resources */,
			);
			runOnlyForDeploymentPostprocessing = 0;
		};
/* End PBXResourcesBuildPhase section */

/* Begin PBXShellScriptBuildPhase section */
		85583BD7B81D0298F2DE7A96 /* [CP] Embed Pods Frameworks */ = {
			isa = PBXShellScriptBuildPhase;
			buildActionMask = 2147483647;
			files = (
			);
			inputFileListPaths = (
				"${PODS_ROOT}/Target Support Files/Pods-schedule/Pods-schedule-frameworks-${CONFIGURATION}-input-files.xcfilelist",
			);
			name = "[CP] Embed Pods Frameworks";
			outputFileListPaths = (
				"${PODS_ROOT}/Target Support Files/Pods-schedule/Pods-schedule-frameworks-${CONFIGURATION}-output-files.xcfilelist",
			);
			runOnlyForDeploymentPostprocessing = 0;
			shellPath = /bin/sh;
			shellScript = "\"${PODS_ROOT}/Target Support Files/Pods-schedule/Pods-schedule-frameworks.sh\"\n";
			showEnvVarsInLog = 0;
		};
		EB3C9A41ECF16A2216FAD598 /* [CP] Check Pods Manifest.lock */ = {
			isa = PBXShellScriptBuildPhase;
			buildActionMask = 2147483647;
			files = (
			);
			inputFileListPaths = (
			);
			inputPaths = (
				"${PODS_PODFILE_DIR_PATH}/Podfile.lock",
				"${PODS_ROOT}/Manifest.lock",
			);
			name = "[CP] Check Pods Manifest.lock";
			outputFileListPaths = (
			);
			outputPaths = (
				"$(DERIVED_FILE_DIR)/Pods-schedule-checkManifestLockResult.txt",
			);
			runOnlyForDeploymentPostprocessing = 0;
			shellPath = /bin/sh;
			shellScript = "diff \"${PODS_PODFILE_DIR_PATH}/Podfile.lock\" \"${PODS_ROOT}/Manifest.lock\" > /dev/null\nif [ $? != 0 ] ; then\n    # print error to STDERR\n    echo \"error: The sandbox is not in sync with the Podfile.lock. Run 'pod install' or update your CocoaPods installation.\" >&2\n    exit 1\nfi\n# This output is used by Xcode 'outputs' to avoid re-running this script phase.\necho \"SUCCESS\" > \"${SCRIPT_OUTPUT_FILE_0}\"\n";
			showEnvVarsInLog = 0;
		};
/* End PBXShellScriptBuildPhase section */

/* Begin PBXSourcesBuildPhase section */
		04FEC60C2321C84E00EA5D25 /* Sources */ = {
			isa = PBXSourcesBuildPhase;
			buildActionMask = 2147483647;
			files = (
				846DCA7525228B48000E9833 /* ScheduleAPIEndpoint.swift in Sources */,
				84EE9C64251F84F300318C41 /* NetworkProtocols.swift in Sources */,
				0495E1902390EB1A00C847A2 /* AppDelegate.swift in Sources */,
				84EE9C69251F94C200318C41 /* NetworkConnection.swift in Sources */,
				04D56BD42348E5670097E0DC /* DataProvider.swift in Sources */,
				84EE9C6A251F94C200318C41 /* UserDefaultsManager.swift in Sources */,
				84EE9C6C251F956B00318C41 /* NetworkProvider.swift in Sources */,
				84EE9C6E2521122800318C41 /* ExercisesEndpoint.swift in Sources */,
				0495E1922390EB2700C847A2 /* ScheduleViewController.swift in Sources */,
				04F6799623D8E91C0059CD7E /* ScheduleView.swift in Sources */,
				04F6799923DF71370059CD7E /* APIManager.swift in Sources */,
				0460B4E623F824B3003F4F9C /* PickerTableViewCell.swift in Sources */,
				04FEC64423340B5F00EA5D25 /* Exercise.swift in Sources */,
				846DCA7325223F04000E9833 /* GroupsEndpoint.swift in Sources */,
				84EE9C68251F94C200318C41 /* JSONDecoderManager.swift in Sources */,
				04AA719723A22FA000BDDE6A /* DateExtension.swift in Sources */,
				0460B4E823F82E1C003F4F9C /* SwitchTableViewCell.swift in Sources */,
				045EF98323D0F6D300CC869F /* DataManager.swift in Sources */,
				0474F38723BF3F2600FD1BE4 /* Alert.swift in Sources */,
				044FEE6823860721005FA81E /* NotificationManager.swift in Sources */,
				044FEE642383F3B1005FA81E /* NotificationSettingTableViewController.swift in Sources */,
				046263D2236819AA00D1215A /* GroupSettingTableViewController.swift in Sources */,
				846DCA7D25229064000E9833 /* TeachersEndpoint.swift in Sources */,
				04F6799B23E0D2B80059CD7E /* RootViewController.swift in Sources */,
				046263A0235DA7DC00D1215A /* WelcomeViewController.swift in Sources */,
				8416590B2514026400A4E6DD /* Schedule.swift in Sources */,
				046263CA23646E8600D1215A /* ScheduleTableViewCell.swift in Sources */,
				04F6799D23E0D2F80059CD7E /* AppDelegateExtension.swift in Sources */,
				046263A6236184BB00D1215A /* SettingTableViewController.swift in Sources */,
				841659092514024700A4E6DD /* Group.swift in Sources */,
				0460B4E423F33133003F4F9C /* ReminderOptionsViewController.swift in Sources */,
				846DCA7925228D94000E9833 /* RoomsEndpoint.swift in Sources */,
				04AD0B5023E8B3F200C22739 /* GroupSettingTableViewCell.swift in Sources */,
				046D2D1823ED10E30055F510 /* NotificationSettingTableViewCell.swift in Sources */,
				045EF97323C59E7E00CC869F /* Enums.swift in Sources */,
				046263A92362D37800D1215A /* DataProviderExtension.swift in Sources */,
				04F6797423D7843E0059CD7E /* WelcomeView.swift in Sources */,
				846DCA7725228C9E000E9833 /* LocationsEndpoint.swift in Sources */,
				846DCA7B25228ED2000E9833 /* SchedulesEndpoint.swift in Sources */,
			);
			runOnlyForDeploymentPostprocessing = 0;
		};
/* End PBXSourcesBuildPhase section */

/* Begin PBXVariantGroup section */
		04FEC61C2321C84E00EA5D25 /* LaunchScreen.storyboard */ = {
			isa = PBXVariantGroup;
			children = (
				04FEC61D2321C84E00EA5D25 /* Base */,
			);
			name = LaunchScreen.storyboard;
			sourceTree = "<group>";
		};
		84106571250784F9000B2214 /* Localizable.strings */ = {
			isa = PBXVariantGroup;
			children = (
				84106570250784F9000B2214 /* en */,
				8410657225078528000B2214 /* ru */,
			);
			name = Localizable.strings;
			sourceTree = "<group>";
		};
/* End PBXVariantGroup section */

/* Begin XCBuildConfiguration section */
		04FEC6202321C84E00EA5D25 /* Debug */ = {
			isa = XCBuildConfiguration;
			buildSettings = {
				ALWAYS_SEARCH_USER_PATHS = NO;
				CLANG_ANALYZER_LOCALIZABILITY_NONLOCALIZED = YES;
				CLANG_ANALYZER_NONNULL = YES;
				CLANG_ANALYZER_NUMBER_OBJECT_CONVERSION = YES_AGGRESSIVE;
				CLANG_CXX_LANGUAGE_STANDARD = "gnu++14";
				CLANG_CXX_LIBRARY = "libc++";
				CLANG_ENABLE_MODULES = YES;
				CLANG_ENABLE_OBJC_ARC = YES;
				CLANG_ENABLE_OBJC_WEAK = YES;
				CLANG_WARN_BLOCK_CAPTURE_AUTORELEASING = YES;
				CLANG_WARN_BOOL_CONVERSION = YES;
				CLANG_WARN_COMMA = YES;
				CLANG_WARN_CONSTANT_CONVERSION = YES;
				CLANG_WARN_DEPRECATED_OBJC_IMPLEMENTATIONS = YES;
				CLANG_WARN_DIRECT_OBJC_ISA_USAGE = YES_ERROR;
				CLANG_WARN_DOCUMENTATION_COMMENTS = YES;
				CLANG_WARN_EMPTY_BODY = YES;
				CLANG_WARN_ENUM_CONVERSION = YES;
				CLANG_WARN_INFINITE_RECURSION = YES;
				CLANG_WARN_INT_CONVERSION = YES;
				CLANG_WARN_NON_LITERAL_NULL_CONVERSION = YES;
				CLANG_WARN_OBJC_IMPLICIT_RETAIN_SELF = YES;
				CLANG_WARN_OBJC_LITERAL_CONVERSION = YES;
				CLANG_WARN_OBJC_ROOT_CLASS = YES_ERROR;
				CLANG_WARN_QUOTED_INCLUDE_IN_FRAMEWORK_HEADER = YES;
				CLANG_WARN_RANGE_LOOP_ANALYSIS = YES;
				CLANG_WARN_STRICT_PROTOTYPES = YES;
				CLANG_WARN_SUSPICIOUS_MOVE = YES;
				CLANG_WARN_UNGUARDED_AVAILABILITY = YES_AGGRESSIVE;
				CLANG_WARN_UNREACHABLE_CODE = YES;
				CLANG_WARN__DUPLICATE_METHOD_MATCH = YES;
				CODE_SIGN_IDENTITY = "iPhone Developer";
				COPY_PHASE_STRIP = NO;
				DEBUG_INFORMATION_FORMAT = dwarf;
				ENABLE_STRICT_OBJC_MSGSEND = YES;
				ENABLE_TESTABILITY = YES;
				GCC_C_LANGUAGE_STANDARD = gnu11;
				GCC_DYNAMIC_NO_PIC = NO;
				GCC_NO_COMMON_BLOCKS = YES;
				GCC_OPTIMIZATION_LEVEL = 0;
				GCC_PREPROCESSOR_DEFINITIONS = (
					"DEBUG=1",
					"$(inherited)",
				);
				GCC_WARN_64_TO_32_BIT_CONVERSION = YES;
				GCC_WARN_ABOUT_RETURN_TYPE = YES_ERROR;
				GCC_WARN_UNDECLARED_SELECTOR = YES;
				GCC_WARN_UNINITIALIZED_AUTOS = YES_AGGRESSIVE;
				GCC_WARN_UNUSED_FUNCTION = YES;
				GCC_WARN_UNUSED_VARIABLE = YES;
				IPHONEOS_DEPLOYMENT_TARGET = 13.2;
				MTL_ENABLE_DEBUG_INFO = INCLUDE_SOURCE;
				MTL_FAST_MATH = YES;
				ONLY_ACTIVE_ARCH = YES;
				SDKROOT = iphoneos;
				SWIFT_ACTIVE_COMPILATION_CONDITIONS = DEBUG;
				SWIFT_OPTIMIZATION_LEVEL = "-Onone";
				TARGETED_DEVICE_FAMILY = "1,2";
			};
			name = Debug;
		};
		04FEC6212321C84E00EA5D25 /* Release */ = {
			isa = XCBuildConfiguration;
			buildSettings = {
				ALWAYS_SEARCH_USER_PATHS = NO;
				CLANG_ANALYZER_LOCALIZABILITY_NONLOCALIZED = YES;
				CLANG_ANALYZER_NONNULL = YES;
				CLANG_ANALYZER_NUMBER_OBJECT_CONVERSION = YES_AGGRESSIVE;
				CLANG_CXX_LANGUAGE_STANDARD = "gnu++14";
				CLANG_CXX_LIBRARY = "libc++";
				CLANG_ENABLE_MODULES = YES;
				CLANG_ENABLE_OBJC_ARC = YES;
				CLANG_ENABLE_OBJC_WEAK = YES;
				CLANG_WARN_BLOCK_CAPTURE_AUTORELEASING = YES;
				CLANG_WARN_BOOL_CONVERSION = YES;
				CLANG_WARN_COMMA = YES;
				CLANG_WARN_CONSTANT_CONVERSION = YES;
				CLANG_WARN_DEPRECATED_OBJC_IMPLEMENTATIONS = YES;
				CLANG_WARN_DIRECT_OBJC_ISA_USAGE = YES_ERROR;
				CLANG_WARN_DOCUMENTATION_COMMENTS = YES;
				CLANG_WARN_EMPTY_BODY = YES;
				CLANG_WARN_ENUM_CONVERSION = YES;
				CLANG_WARN_INFINITE_RECURSION = YES;
				CLANG_WARN_INT_CONVERSION = YES;
				CLANG_WARN_NON_LITERAL_NULL_CONVERSION = YES;
				CLANG_WARN_OBJC_IMPLICIT_RETAIN_SELF = YES;
				CLANG_WARN_OBJC_LITERAL_CONVERSION = YES;
				CLANG_WARN_OBJC_ROOT_CLASS = YES_ERROR;
				CLANG_WARN_QUOTED_INCLUDE_IN_FRAMEWORK_HEADER = YES;
				CLANG_WARN_RANGE_LOOP_ANALYSIS = YES;
				CLANG_WARN_STRICT_PROTOTYPES = YES;
				CLANG_WARN_SUSPICIOUS_MOVE = YES;
				CLANG_WARN_UNGUARDED_AVAILABILITY = YES_AGGRESSIVE;
				CLANG_WARN_UNREACHABLE_CODE = YES;
				CLANG_WARN__DUPLICATE_METHOD_MATCH = YES;
				CODE_SIGN_IDENTITY = "iPhone Developer";
				COPY_PHASE_STRIP = NO;
				DEBUG_INFORMATION_FORMAT = "dwarf-with-dsym";
				ENABLE_NS_ASSERTIONS = NO;
				ENABLE_STRICT_OBJC_MSGSEND = YES;
				GCC_C_LANGUAGE_STANDARD = gnu11;
				GCC_NO_COMMON_BLOCKS = YES;
				GCC_WARN_64_TO_32_BIT_CONVERSION = YES;
				GCC_WARN_ABOUT_RETURN_TYPE = YES_ERROR;
				GCC_WARN_UNDECLARED_SELECTOR = YES;
				GCC_WARN_UNINITIALIZED_AUTOS = YES_AGGRESSIVE;
				GCC_WARN_UNUSED_FUNCTION = YES;
				GCC_WARN_UNUSED_VARIABLE = YES;
				IPHONEOS_DEPLOYMENT_TARGET = 13.2;
				MTL_ENABLE_DEBUG_INFO = NO;
				MTL_FAST_MATH = YES;
				SDKROOT = iphoneos;
				SWIFT_COMPILATION_MODE = wholemodule;
				SWIFT_OPTIMIZATION_LEVEL = "-O";
				TARGETED_DEVICE_FAMILY = "1,2";
				VALIDATE_PRODUCT = YES;
			};
			name = Release;
		};
		04FEC6232321C84E00EA5D25 /* Debug */ = {
			isa = XCBuildConfiguration;
			baseConfigurationReference = 3084042CC2DEC64254577E45 /* Pods-schedule.debug.xcconfig */;
			buildSettings = {
				ASSETCATALOG_COMPILER_APPICON_NAME = AppIcon;
				CODE_SIGN_ENTITLEMENTS = schedule/schedule.entitlements;
				CODE_SIGN_IDENTITY = "Apple Development";
				CODE_SIGN_STYLE = Automatic;
				CURRENT_PROJECT_VERSION = 1;
				DEVELOPMENT_TEAM = BA672Z9B27;
				INFOPLIST_FILE = "schedule/Support Files/Info.plist";
				IPHONEOS_DEPLOYMENT_TARGET = 13.0;
				LD_RUNPATH_SEARCH_PATHS = (
					"$(inherited)",
					"@executable_path/Frameworks",
				);
				MARKETING_VERSION = 1.0;
				PRODUCT_BUNDLE_IDENTIFIER = mac.schedule;
				PRODUCT_NAME = "СПбГТИ(ТУ)";
				PROVISIONING_PROFILE_SPECIFIER = "";
				SWIFT_VERSION = 5.0;
				TARGETED_DEVICE_FAMILY = 1;
			};
			name = Debug;
		};
		04FEC6242321C84E00EA5D25 /* Release */ = {
			isa = XCBuildConfiguration;
			baseConfigurationReference = 2EDF9EB08AECB506056BD602 /* Pods-schedule.release.xcconfig */;
			buildSettings = {
				ASSETCATALOG_COMPILER_APPICON_NAME = AppIcon;
				CODE_SIGN_ENTITLEMENTS = schedule/schedule.entitlements;
				CODE_SIGN_IDENTITY = "Apple Development";
				CODE_SIGN_STYLE = Automatic;
				CURRENT_PROJECT_VERSION = 1;
				DEVELOPMENT_TEAM = BA672Z9B27;
				INFOPLIST_FILE = "schedule/Support Files/Info.plist";
				IPHONEOS_DEPLOYMENT_TARGET = 13.0;
				LD_RUNPATH_SEARCH_PATHS = (
					"$(inherited)",
					"@executable_path/Frameworks",
				);
				MARKETING_VERSION = 1.0;
				PRODUCT_BUNDLE_IDENTIFIER = mac.schedule;
				PRODUCT_NAME = "СПбГТИ(ТУ)";
				PROVISIONING_PROFILE_SPECIFIER = "";
				SWIFT_VERSION = 5.0;
				TARGETED_DEVICE_FAMILY = 1;
			};
			name = Release;
		};
/* End XCBuildConfiguration section */

/* Begin XCConfigurationList section */
		04FEC60B2321C84E00EA5D25 /* Build configuration list for PBXProject "Schedule" */ = {
			isa = XCConfigurationList;
			buildConfigurations = (
				04FEC6202321C84E00EA5D25 /* Debug */,
				04FEC6212321C84E00EA5D25 /* Release */,
			);
			defaultConfigurationIsVisible = 0;
			defaultConfigurationName = Release;
		};
		04FEC6222321C84E00EA5D25 /* Build configuration list for PBXNativeTarget "schedule" */ = {
			isa = XCConfigurationList;
			buildConfigurations = (
				04FEC6232321C84E00EA5D25 /* Debug */,
				04FEC6242321C84E00EA5D25 /* Release */,
			);
			defaultConfigurationIsVisible = 0;
			defaultConfigurationName = Release;
		};
/* End XCConfigurationList section */
	};
	rootObject = 04FEC6082321C84E00EA5D25 /* Project object */;
}
